{
  "name": "qltime",
  "version": "1.0.0",
  "lockfileVersion": 1,
  "requires": true,
  "dependencies": {
    "@vant/weapp": {
      "version": "1.5.0",
      "resolved": "https://registry.npmjs.org/@vant/weapp/-/weapp-1.5.0.tgz",
      "integrity": "sha512-4hBH8U3/GQID+N1fV0m4dTbVR0R0iN06Zr2Xd9XFI2MvYXqtAWCrPkJ5umLxFF1MpZjlS/20V50MsGICgwZBug=="
    },
    "docxtemplater": {
      "version": "3.19.3",
      "resolved": "https://registry.npmjs.org/docxtemplater/-/docxtemplater-3.19.3.tgz",
      "integrity": "sha512-4kDFv1CMCOzRxKNmNDZwhUXXfoGi2Y6AWIIUBtDdz0bXWmzAT1yZJ+x7EGG2J+kz9dk/1mZR1wT4oMkOFPWORw==",
      "requires": {
        "xmldom": "0.3.0"
      }
    },
    "set-cookie-parser": {
      "version": "2.4.6",
      "resolved": "https://registry.npmjs.org/set-cookie-parser/-/set-cookie-parser-2.4.6.tgz",
      "integrity": "sha512-mNCnTUF0OYPwYzSHbdRdCfNNHqrne+HS5tS5xNb6yJbdP9wInV0q5xPLE0EyfV/Q3tImo3y/OXpD8Jn0Jtnjrg=="
    },
    "weapp-cookie": {
      "version": "1.4.6",
      "resolved": "https://registry.npmjs.org/weapp-cookie/-/weapp-cookie-1.4.6.tgz",
      "integrity": "sha512-2K4u6ADdpRMfoFeK8e6TYl2LoBjDuGwOD1jmUpFJT1kkdKPZagdroIReNg+4m5FGb6Hkh+EyqbY+2HqBdEDnQw==",
      "requires": {
        "set-cookie-parser": "2.4.6"
      }
    },
    "xmldom": {
      "version": "0.3.0",
      "resolved": "https://registry.npmjs.org/xmldom/-/xmldom-0.3.0.tgz",
      "integrity": "sha512-z9s6k3wxE+aZHgXYxSTpGDo7BYOUfJsIRyoZiX6HTjwpwfS2wpQBQKa2fD+ShLyPkqDYo5ud7KitmLZ2Cd6r0g=="
    }
  }
}
